
Microsoft Visual Studio Solution File, Format Version 12.00
# Visual Studio 15
VisualStudioVersion = 15.0.28010.2046
MinimumVisualStudioVersion = 10.0.40219.1
Project("{159641D6-6404-4A2A-AE62-294DE0FE8301}") = "Xalt ETL", "Xalt ETL\Xalt ETL.dtproj", "{055B74BD-5289-4F2A-90E2-E33729B3AC0A}"
EndProject
Global
	GlobalSection(SolutionConfigurationPlatforms) = preSolution
		Development|Default = Development|Default
	EndGlobalSection
	GlobalSection(ProjectConfigurationPlatforms) = postSolution
		{055B74BD-5289-4F2A-90E2-E33729B3AC0A}.Development|Default.ActiveCfg = Development
		{055B74BD-5289-4F2A-90E2-E33729B3AC0A}.Development|Default.Build.0 = Development
	EndGlobalSection
	GlobalSection(SolutionProperties) = preSolution
		HideSolutionNode = FALSE
	EndGlobalSection
	GlobalSection(ExtensibilityGlobals) = postSolution
		SolutionGuid = {155FAEE1-CCDA-4753-981D-FC233CD25BA3}
	EndGlobalSection
EndGlobal
